
Microsoft Visual Studio Solution File, Format Version 12.00
# Visual Studio Version 17
VisualStudioVersion = 17.3.32901.215
MinimumVisualStudioVersion = 10.0.40219.1
Project("{FAE04EC0-301F-11D3-BF4B-00C04F79EFBC}") = "L14_LPRR_1148822", "L14_LPRR_1148822\L14_LPRR_1148822.csproj", "{ABB46422-E5FF-4356-B6C6-C4F55B9C2869}"
EndProject
Global
	GlobalSection(SolutionConfigurationPlatforms) = preSolution
		Debug|Any CPU = Debug|Any CPU
		Release|Any CPU = Release|Any CPU
	EndGlobalSection
	GlobalSection(ProjectConfigurationPlatforms) = postSolution
		{ABB46422-E5FF-4356-B6C6-C4F55B9C2869}.Debug|Any CPU.ActiveCfg = Debug|Any CPU
		{ABB46422-E5FF-4356-B6C6-C4F55B9C2869}.Debug|Any CPU.Build.0 = Debug|Any CPU
		{ABB46422-E5FF-4356-B6C6-C4F55B9C2869}.Release|Any CPU.ActiveCfg = Release|Any CPU
		{ABB46422-E5FF-4356-B6C6-C4F55B9C2869}.Release|Any CPU.Build.0 = Release|Any CPU
	EndGlobalSection
	GlobalSection(SolutionProperties) = preSolution
		HideSolutionNode = FALSE
	EndGlobalSection
	GlobalSection(ExtensibilityGlobals) = postSolution
		SolutionGuid = {1D511E9D-2980-4CC5-BFD0-7EB351DD558D}
	EndGlobalSection
EndGlobal
